
Microsoft Visual Studio Solution File, Format Version 12.00
# Visual Studio Version 17
VisualStudioVersion = 17.8.34330.188
MinimumVisualStudioVersion = 10.0.40219.1
Project("{9A19103F-16F7-4668-BE54-9A1E7A4F7556}") = "Database", "Database\Database.csproj", "{E73742B3-9235-491C-BBF6-FA874BB0E36B}"
EndProject
Project("{FAE04EC0-301F-11D3-BF4B-00C04F79EFBC}") = "ProductIdeas.App", "ProductIdeas.App\ProductIdeas.App.csproj", "{185211E0-28DD-46C1-9017-FE0BC1F551B3}"
EndProject
Project("{9A19103F-16F7-4668-BE54-9A1E7A4F7556}") = "ProductIdeas.Shared", "ProductIdeas.Shared\ProductIdeas.Shared.csproj", "{E374E2F3-6067-4186-9D57-A0FD49AB8FFE}"
EndProject
Project("{9A19103F-16F7-4668-BE54-9A1E7A4F7556}") = "ProductIdeas.Client", "ProductIdeas.Client\ProductIdeas.Client.csproj", "{ECCE21AF-0A88-45D4-A8A3-889DFF01868D}"
EndProject
Global
	GlobalSection(SolutionConfigurationPlatforms) = preSolution
		Debug|Any CPU = Debug|Any CPU
		Release|Any CPU = Release|Any CPU
	EndGlobalSection
	GlobalSection(ProjectConfigurationPlatforms) = postSolution
		{E73742B3-9235-491C-BBF6-FA874BB0E36B}.Debug|Any CPU.ActiveCfg = Debug|Any CPU
		{E73742B3-9235-491C-BBF6-FA874BB0E36B}.Debug|Any CPU.Build.0 = Debug|Any CPU
		{E73742B3-9235-491C-BBF6-FA874BB0E36B}.Release|Any CPU.ActiveCfg = Release|Any CPU
		{E73742B3-9235-491C-BBF6-FA874BB0E36B}.Release|Any CPU.Build.0 = Release|Any CPU
		{185211E0-28DD-46C1-9017-FE0BC1F551B3}.Debug|Any CPU.ActiveCfg = Debug|Any CPU
		{185211E0-28DD-46C1-9017-FE0BC1F551B3}.Debug|Any CPU.Build.0 = Debug|Any CPU
		{185211E0-28DD-46C1-9017-FE0BC1F551B3}.Release|Any CPU.ActiveCfg = Release|Any CPU
		{185211E0-28DD-46C1-9017-FE0BC1F551B3}.Release|Any CPU.Build.0 = Release|Any CPU
		{E374E2F3-6067-4186-9D57-A0FD49AB8FFE}.Debug|Any CPU.ActiveCfg = Debug|Any CPU
		{E374E2F3-6067-4186-9D57-A0FD49AB8FFE}.Debug|Any CPU.Build.0 = Debug|Any CPU
		{E374E2F3-6067-4186-9D57-A0FD49AB8FFE}.Release|Any CPU.ActiveCfg = Release|Any CPU
		{E374E2F3-6067-4186-9D57-A0FD49AB8FFE}.Release|Any CPU.Build.0 = Release|Any CPU
		{ECCE21AF-0A88-45D4-A8A3-889DFF01868D}.Debug|Any CPU.ActiveCfg = Debug|Any CPU
		{ECCE21AF-0A88-45D4-A8A3-889DFF01868D}.Debug|Any CPU.Build.0 = Debug|Any CPU
		{ECCE21AF-0A88-45D4-A8A3-889DFF01868D}.Release|Any CPU.ActiveCfg = Release|Any CPU
		{ECCE21AF-0A88-45D4-A8A3-889DFF01868D}.Release|Any CPU.Build.0 = Release|Any CPU
	EndGlobalSection
	GlobalSection(SolutionProperties) = preSolution
		HideSolutionNode = FALSE
	EndGlobalSection
	GlobalSection(ExtensibilityGlobals) = postSolution
		SolutionGuid = {6B53ED18-1787-4E17-ADB7-11C4F61EF9D4}
	EndGlobalSection
EndGlobal
