
Microsoft Visual Studio Solution File, Format Version 12.00
# Visual Studio Version 17
VisualStudioVersion = 17.8.34330.188
MinimumVisualStudioVersion = 10.0.40219.1
Project("{FAE04EC0-301F-11D3-BF4B-00C04F79EFBC}") = "EmailLeadCapture.API", "EmailLeadCapture.API\EmailLeadCapture.API.csproj", "{AA87E3CC-2783-4A59-8124-4BA192189AB7}"
EndProject
Global
	GlobalSection(SolutionConfigurationPlatforms) = preSolution
		Debug|Any CPU = Debug|Any CPU
		Release|Any CPU = Release|Any CPU
	EndGlobalSection
	GlobalSection(ProjectConfigurationPlatforms) = postSolution
		{AA87E3CC-2783-4A59-8124-4BA192189AB7}.Debug|Any CPU.ActiveCfg = Debug|Any CPU
		{AA87E3CC-2783-4A59-8124-4BA192189AB7}.Debug|Any CPU.Build.0 = Debug|Any CPU
		{AA87E3CC-2783-4A59-8124-4BA192189AB7}.Release|Any CPU.ActiveCfg = Release|Any CPU
		{AA87E3CC-2783-4A59-8124-4BA192189AB7}.Release|Any CPU.Build.0 = Release|Any CPU
	EndGlobalSection
	GlobalSection(SolutionProperties) = preSolution
		HideSolutionNode = FALSE
	EndGlobalSection
	GlobalSection(ExtensibilityGlobals) = postSolution
		SolutionGuid = {6B53ED18-1787-4E17-ADB7-11C4F61EF9D4}
	EndGlobalSection
EndGlobal
